// !$*UTF8*$!
{
	archiveVersion = 1;
	classes = {
	};
	objectVersion = 55;
	objects = {

/* Begin PBXBuildFile section */
		2F59F9F32FE08957E706B49F /* Pods_TipsterTests.framework in Frameworks */ = {isa = PBXBuildFile; fileRef = 09C5FCA1FE549C37D9DF4118 /* Pods_TipsterTests.framework */; };
		4ADDBD15925C64E6AE15C9CC /* Pods_Tipster_TipsterUITests.framework in Frameworks */ = {isa = PBXBuildFile; fileRef = EC715A5B6B2FFD87C865A55A /* Pods_Tipster_TipsterUITests.framework */; };
		5C7078F828D30CA900C671DA /* AppDelegate.swift in Sources */ = {isa = PBXBuildFile; fileRef = 5C7078F728D30CA900C671DA /* AppDelegate.swift */; };
		5C7078FA28D30CA900C671DA /* SceneDelegate.swift in Sources */ = {isa = PBXBuildFile; fileRef = 5C7078F928D30CA900C671DA /* SceneDelegate.swift */; };
		5C7078FC28D30CA900C671DA /* ViewController.swift in Sources */ = {isa = PBXBuildFile; fileRef = 5C7078FB28D30CA900C671DA /* ViewController.swift */; };
		5C7078FF28D30CA900C671DA /* Main.storyboard in Resources */ = {isa = PBXBuildFile; fileRef = 5C7078FD28D30CA900C671DA /* Main.storyboard */; };
		5C70790128D30CB100C671DA /* Assets.xcassets in Resources */ = {isa = PBXBuildFile; fileRef = 5C70790028D30CB100C671DA /* Assets.xcassets */; };
		5C70790428D30CB100C671DA /* LaunchScreen.storyboard in Resources */ = {isa = PBXBuildFile; fileRef = 5C70790228D30CB100C671DA /* LaunchScreen.storyboard */; };
		5C70790F28D30CB100C671DA /* TipsterTests.swift in Sources */ = {isa = PBXBuildFile; fileRef = 5C70790E28D30CB100C671DA /* TipsterTests.swift */; };
		5C70791928D30CB100C671DA /* TipsterUITests.swift in Sources */ = {isa = PBXBuildFile; fileRef = 5C70791828D30CB100C671DA /* TipsterUITests.swift */; };
		5C70791B28D30CB100C671DA /* TipsterUITestsLaunchTests.swift in Sources */ = {isa = PBXBuildFile; fileRef = 5C70791A28D30CB100C671DA /* TipsterUITestsLaunchTests.swift */; };
		5C70792A28D54EC600C671DA /* MovieCellTableViewCell.swift in Sources */ = {isa = PBXBuildFile; fileRef = 5C70792928D54EC600C671DA /* MovieCellTableViewCell.swift */; };
		5C70792D28D555B500C671DA /* AlamofireImage in Frameworks */ = {isa = PBXBuildFile; productRef = 5C70792C28D555B500C671DA /* AlamofireImage */; };
		5C70792F28DE576000C671DA /* MovieDetailsViewController.swift in Sources */ = {isa = PBXBuildFile; fileRef = 5C70792E28DE576000C671DA /* MovieDetailsViewController.swift */; };
		5CDCE51928DFB5B500793ECC /* MovieGridViewController.swift in Sources */ = {isa = PBXBuildFile; fileRef = 5CDCE51828DFB5B400793ECC /* MovieGridViewController.swift */; };
		5CDCE51B28DFBF6100793ECC /* MovieGridCell.swift in Sources */ = {isa = PBXBuildFile; fileRef = 5CDCE51A28DFBF6100793ECC /* MovieGridCell.swift */; };
		E08C2EA614B08275D3FFC40B /* Pods_Tipster.framework in Frameworks */ = {isa = PBXBuildFile; fileRef = 6388028FB849357E4AE332B6 /* Pods_Tipster.framework */; };
/* End PBXBuildFile section */

/* Begin PBXContainerItemProxy section */
		5C70790B28D30CB100C671DA /* PBXContainerItemProxy */ = {
			isa = PBXContainerItemProxy;
			containerPortal = 5C7078EC28D30CA900C671DA /* Project object */;
			proxyType = 1;
			remoteGlobalIDString = 5C7078F328D30CA900C671DA;
			remoteInfo = Tipster;
		};
		5C70791528D30CB100C671DA /* PBXContainerItemProxy */ = {
			isa = PBXContainerItemProxy;
			containerPortal = 5C7078EC28D30CA900C671DA /* Project object */;
			proxyType = 1;
			remoteGlobalIDString = 5C7078F328D30CA900C671DA;
			remoteInfo = Tipster;
		};
/* End PBXContainerItemProxy section */

/* Begin PBXFileReference section */
		09C5FCA1FE549C37D9DF4118 /* Pods_TipsterTests.framework */ = {isa = PBXFileReference; explicitFileType = wrapper.framework; includeInIndex = 0; path = Pods_TipsterTests.framework; sourceTree = BUILT_PRODUCTS_DIR; };
		1A823CF5C7E373F1D96C7068 /* Pods-Tipster-TipsterUITests.release.xcconfig */ = {isa = PBXFileReference; includeInIndex = 1; lastKnownFileType = text.xcconfig; name = "Pods-Tipster-TipsterUITests.release.xcconfig"; path = "Target Support Files/Pods-Tipster-TipsterUITests/Pods-Tipster-TipsterUITests.release.xcconfig"; sourceTree = "<group>"; };
		3C981F4B25E53FC2DA8A5488 /* Pods-Tipster.release.xcconfig */ = {isa = PBXFileReference; includeInIndex = 1; lastKnownFileType = text.xcconfig; name = "Pods-Tipster.release.xcconfig"; path = "Target Support Files/Pods-Tipster/Pods-Tipster.release.xcconfig"; sourceTree = "<group>"; };
		5C7078F428D30CA900C671DA /* Tipster.app */ = {isa = PBXFileReference; explicitFileType = wrapper.application; includeInIndex = 0; path = Tipster.app; sourceTree = BUILT_PRODUCTS_DIR; };
		5C7078F728D30CA900C671DA /* AppDelegate.swift */ = {isa = PBXFileReference; lastKnownFileType = sourcecode.swift; path = AppDelegate.swift; sourceTree = "<group>"; };
		5C7078F928D30CA900C671DA /* SceneDelegate.swift */ = {isa = PBXFileReference; lastKnownFileType = sourcecode.swift; path = SceneDelegate.swift; sourceTree = "<group>"; };
		5C7078FB28D30CA900C671DA /* ViewController.swift */ = {isa = PBXFileReference; lastKnownFileType = sourcecode.swift; path = ViewController.swift; sourceTree = "<group>"; };
		5C7078FE28D30CA900C671DA /* Base */ = {isa = PBXFileReference; lastKnownFileType = file.storyboard; name = Base; path = Base.lproj/Main.storyboard; sourceTree = "<group>"; };
		5C70790028D30CB100C671DA /* Assets.xcassets */ = {isa = PBXFileReference; lastKnownFileType = folder.assetcatalog; path = Assets.xcassets; sourceTree = "<group>"; };
		5C70790328D30CB100C671DA /* Base */ = {isa = PBXFileReference; lastKnownFileType = file.storyboard; name = Base; path = Base.lproj/LaunchScreen.storyboard; sourceTree = "<group>"; };
		5C70790528D30CB100C671DA /* Info.plist */ = {isa = PBXFileReference; lastKnownFileType = text.plist.xml; path = Info.plist; sourceTree = "<group>"; };
		5C70790A28D30CB100C671DA /* TipsterTests.xctest */ = {isa = PBXFileReference; explicitFileType = wrapper.cfbundle; includeInIndex = 0; path = TipsterTests.xctest; sourceTree = BUILT_PRODUCTS_DIR; };
		5C70790E28D30CB100C671DA /* TipsterTests.swift */ = {isa = PBXFileReference; lastKnownFileType = sourcecode.swift; path = TipsterTests.swift; sourceTree = "<group>"; };
		5C70791428D30CB100C671DA /* TipsterUITests.xctest */ = {isa = PBXFileReference; explicitFileType = wrapper.cfbundle; includeInIndex = 0; path = TipsterUITests.xctest; sourceTree = BUILT_PRODUCTS_DIR; };
		5C70791828D30CB100C671DA /* TipsterUITests.swift */ = {isa = PBXFileReference; lastKnownFileType = sourcecode.swift; path = TipsterUITests.swift; sourceTree = "<group>"; };
		5C70791A28D30CB100C671DA /* TipsterUITestsLaunchTests.swift */ = {isa = PBXFileReference; lastKnownFileType = sourcecode.swift; path = TipsterUITestsLaunchTests.swift; sourceTree = "<group>"; };
		5C70792928D54EC600C671DA /* MovieCellTableViewCell.swift */ = {isa = PBXFileReference; lastKnownFileType = sourcecode.swift; path = MovieCellTableViewCell.swift; sourceTree = "<group>"; };
		5C70792E28DE576000C671DA /* MovieDetailsViewController.swift */ = {isa = PBXFileReference; lastKnownFileType = sourcecode.swift; path = MovieDetailsViewController.swift; sourceTree = "<group>"; };
		5CDCE51828DFB5B400793ECC /* MovieGridViewController.swift */ = {isa = PBXFileReference; lastKnownFileType = sourcecode.swift; path = MovieGridViewController.swift; sourceTree = "<group>"; };
		5CDCE51A28DFBF6100793ECC /* MovieGridCell.swift */ = {isa = PBXFileReference; lastKnownFileType = sourcecode.swift; path = MovieGridCell.swift; sourceTree = "<group>"; };
		6388028FB849357E4AE332B6 /* Pods_Tipster.framework */ = {isa = PBXFileReference; explicitFileType = wrapper.framework; includeInIndex = 0; path = Pods_Tipster.framework; sourceTree = BUILT_PRODUCTS_DIR; };
		863C6FBD7F9BC1173A42EE7C /* Pods-Tipster.debug.xcconfig */ = {isa = PBXFileReference; includeInIndex = 1; lastKnownFileType = text.xcconfig; name = "Pods-Tipster.debug.xcconfig"; path = "Target Support Files/Pods-Tipster/Pods-Tipster.debug.xcconfig"; sourceTree = "<group>"; };
		C59FE968759D49453DB3439A /* Pods-TipsterTests.release.xcconfig */ = {isa = PBXFileReference; includeInIndex = 1; lastKnownFileType = text.xcconfig; name = "Pods-TipsterTests.release.xcconfig"; path = "Target Support Files/Pods-TipsterTests/Pods-TipsterTests.release.xcconfig"; sourceTree = "<group>"; };
		DE50BE5B74716CEC5A9BD7BF /* Pods-TipsterTests.debug.xcconfig */ = {isa = PBXFileReference; includeInIndex = 1; lastKnownFileType = text.xcconfig; name = "Pods-TipsterTests.debug.xcconfig"; path = "Target Support Files/Pods-TipsterTests/Pods-TipsterTests.debug.xcconfig"; sourceTree = "<group>"; };
		EC715A5B6B2FFD87C865A55A /* Pods_Tipster_TipsterUITests.framework */ = {isa = PBXFileReference; explicitFileType = wrapper.framework; includeInIndex = 0; path = Pods_Tipster_TipsterUITests.framework; sourceTree = BUILT_PRODUCTS_DIR; };
		F2BF70E452740013B464E22B /* Pods-Tipster-TipsterUITests.debug.xcconfig */ = {isa = PBXFileReference; includeInIndex = 1; lastKnownFileType = text.xcconfig; name = "Pods-Tipster-TipsterUITests.debug.xcconfig"; path = "Target Support Files/Pods-Tipster-TipsterUITests/Pods-Tipster-TipsterUITests.debug.xcconfig"; sourceTree = "<group>"; };
/* End PBXFileReference section */

/* Begin PBXFrameworksBuildPhase section */
		5C7078F128D30CA900C671DA /* Frameworks */ = {
			isa = PBXFrameworksBuildPhase;
			buildActionMask = 2147483647;
			files = (
				5C70792D28D555B500C671DA /* AlamofireImage in Frameworks */,
				E08C2EA614B08275D3FFC40B /* Pods_Tipster.framework in Frameworks */,
			);
			runOnlyForDeploymentPostprocessing = 0;
		};
		5C70790728D30CB100C671DA /* Frameworks */ = {
			isa = PBXFrameworksBuildPhase;
			buildActionMask = 2147483647;
			files = (
				2F59F9F32FE08957E706B49F /* Pods_TipsterTests.framework in Frameworks */,
			);
			runOnlyForDeploymentPostprocessing = 0;
		};
		5C70791128D30CB100C671DA /* Frameworks */ = {
			isa = PBXFrameworksBuildPhase;
			buildActionMask = 2147483647;
			files = (
				4ADDBD15925C64E6AE15C9CC /* Pods_Tipster_TipsterUITests.framework in Frameworks */,
			);
			runOnlyForDeploymentPostprocessing = 0;
		};
/* End PBXFrameworksBuildPhase section */

/* Begin PBXGroup section */
		3C45C603D2CCBEB1F1E181EC /* Frameworks */ = {
			isa = PBXGroup;
			children = (
				6388028FB849357E4AE332B6 /* Pods_Tipster.framework */,
				EC715A5B6B2FFD87C865A55A /* Pods_Tipster_TipsterUITests.framework */,
				09C5FCA1FE549C37D9DF4118 /* Pods_TipsterTests.framework */,
			);
			name = Frameworks;
			sourceTree = "<group>";
		};
		5C7078EB28D30CA900C671DA = {
			isa = PBXGroup;
			children = (
				5C7078F628D30CA900C671DA /* Tipster */,
				5C70790D28D30CB100C671DA /* TipsterTests */,
				5C70791728D30CB100C671DA /* TipsterUITests */,
				5C7078F528D30CA900C671DA /* Products */,
				7238DA006B6555C542255610 /* Pods */,
				3C45C603D2CCBEB1F1E181EC /* Frameworks */,
			);
			sourceTree = "<group>";
		};
		5C7078F528D30CA900C671DA /* Products */ = {
			isa = PBXGroup;
			children = (
				5C7078F428D30CA900C671DA /* Tipster.app */,
				5C70790A28D30CB100C671DA /* TipsterTests.xctest */,
				5C70791428D30CB100C671DA /* TipsterUITests.xctest */,
			);
			name = Products;
			sourceTree = "<group>";
		};
		5C7078F628D30CA900C671DA /* Tipster */ = {
			isa = PBXGroup;
			children = (
				5C7078F728D30CA900C671DA /* AppDelegate.swift */,
				5C7078F928D30CA900C671DA /* SceneDelegate.swift */,
				5C7078FB28D30CA900C671DA /* ViewController.swift */,
				5C7078FD28D30CA900C671DA /* Main.storyboard */,
				5C70790028D30CB100C671DA /* Assets.xcassets */,
				5C70790228D30CB100C671DA /* LaunchScreen.storyboard */,
				5C70790528D30CB100C671DA /* Info.plist */,
				5C70792928D54EC600C671DA /* MovieCellTableViewCell.swift */,
				5C70792E28DE576000C671DA /* MovieDetailsViewController.swift */,
				5CDCE51828DFB5B400793ECC /* MovieGridViewController.swift */,
				5CDCE51A28DFBF6100793ECC /* MovieGridCell.swift */,
			);
			path = Tipster;
			sourceTree = "<group>";
		};
		5C70790D28D30CB100C671DA /* TipsterTests */ = {
			isa = PBXGroup;
			children = (
				5C70790E28D30CB100C671DA /* TipsterTests.swift */,
			);
			path = TipsterTests;
			sourceTree = "<group>";
		};
		5C70791728D30CB100C671DA /* TipsterUITests */ = {
			isa = PBXGroup;
			children = (
				5C70791828D30CB100C671DA /* TipsterUITests.swift */,
				5C70791A28D30CB100C671DA /* TipsterUITestsLaunchTests.swift */,
			);
			path = TipsterUITests;
			sourceTree = "<group>";
		};
		7238DA006B6555C542255610 /* Pods */ = {
			isa = PBXGroup;
			children = (
				863C6FBD7F9BC1173A42EE7C /* Pods-Tipster.debug.xcconfig */,
				3C981F4B25E53FC2DA8A5488 /* Pods-Tipster.release.xcconfig */,
				F2BF70E452740013B464E22B /* Pods-Tipster-TipsterUITests.debug.xcconfig */,
				1A823CF5C7E373F1D96C7068 /* Pods-Tipster-TipsterUITests.release.xcconfig */,
				DE50BE5B74716CEC5A9BD7BF /* Pods-TipsterTests.debug.xcconfig */,
				C59FE968759D49453DB3439A /* Pods-TipsterTests.release.xcconfig */,
			);
			path = Pods;
			sourceTree = "<group>";
		};
/* End PBXGroup section */

/* Begin PBXNativeTarget section */
		5C7078F328D30CA900C671DA /* Tipster */ = {
			isa = PBXNativeTarget;
			buildConfigurationList = 5C70791E28D30CB100C671DA /* Build configuration list for PBXNativeTarget "Tipster" */;
			buildPhases = (
				FD70D9FF7CA57D40DD2023C3 /* [CP] Check Pods Manifest.lock */,
				5C7078F028D30CA900C671DA /* Sources */,
				5C7078F128D30CA900C671DA /* Frameworks */,
				5C7078F228D30CA900C671DA /* Resources */,
				315A0EF901695C7BC02E4A72 /* [CP] Embed Pods Frameworks */,
			);
			buildRules = (
			);
			dependencies = (
			);
			name = Tipster;
			packageProductDependencies = (
				5C70792C28D555B500C671DA /* AlamofireImage */,
			);
			productName = Tipster;
			productReference = 5C7078F428D30CA900C671DA /* Tipster.app */;
			productType = "com.apple.product-type.application";
		};
		5C70790928D30CB100C671DA /* TipsterTests */ = {
			isa = PBXNativeTarget;
			buildConfigurationList = 5C70792128D30CB100C671DA /* Build configuration list for PBXNativeTarget "TipsterTests" */;
			buildPhases = (
				2912C201231E52D24247B9E0 /* [CP] Check Pods Manifest.lock */,
				5C70790628D30CB100C671DA /* Sources */,
				5C70790728D30CB100C671DA /* Frameworks */,
				5C70790828D30CB100C671DA /* Resources */,
			);
			buildRules = (
			);
			dependencies = (
				5C70790C28D30CB100C671DA /* PBXTargetDependency */,
			);
			name = TipsterTests;
			productName = TipsterTests;
			productReference = 5C70790A28D30CB100C671DA /* TipsterTests.xctest */;
			productType = "com.apple.product-type.bundle.unit-test";
		};
		5C70791328D30CB100C671DA /* TipsterUITests */ = {
			isa = PBXNativeTarget;
			buildConfigurationList = 5C70792428D30CB100C671DA /* Build configuration list for PBXNativeTarget "TipsterUITests" */;
			buildPhases = (
				CDB98DBC14C33FBFA222F48C /* [CP] Check Pods Manifest.lock */,
				5C70791028D30CB100C671DA /* Sources */,
				5C70791128D30CB100C671DA /* Frameworks */,
				5C70791228D30CB100C671DA /* Resources */,
				36C9B7CADD3BD882AA8A08E9 /* [CP] Embed Pods Frameworks */,
			);
			buildRules = (
			);
			dependencies = (
				5C70791628D30CB100C671DA /* PBXTargetDependency */,
			);
			name = TipsterUITests;
			productName = TipsterUITests;
			productReference = 5C70791428D30CB100C671DA /* TipsterUITests.xctest */;
			productType = "com.apple.product-type.bundle.ui-testing";
		};
/* End PBXNativeTarget section */

/* Begin PBXProject section */
		5C7078EC28D30CA900C671DA /* Project object */ = {
			isa = PBXProject;
			attributes = {
				BuildIndependentTargetsInParallel = 1;
				LastSwiftUpdateCheck = 1330;
				LastUpgradeCheck = 1330;
				TargetAttributes = {
					5C7078F328D30CA900C671DA = {
						CreatedOnToolsVersion = 13.3.1;
					};
					5C70790928D30CB100C671DA = {
						CreatedOnToolsVersion = 13.3.1;
						TestTargetID = 5C7078F328D30CA900C671DA;
					};
					5C70791328D30CB100C671DA = {
						CreatedOnToolsVersion = 13.3.1;
						TestTargetID = 5C7078F328D30CA900C671DA;
					};
				};
			};
			buildConfigurationList = 5C7078EF28D30CA900C671DA /* Build configuration list for PBXProject "Tipster" */;
			compatibilityVersion = "Xcode 13.0";
			developmentRegion = en;
			hasScannedForEncodings = 0;
			knownRegions = (
				en,
				Base,
			);
			mainGroup = 5C7078EB28D30CA900C671DA;
			packageReferences = (
				5C70792B28D555B500C671DA /* XCRemoteSwiftPackageReference "AlamofireImage" */,
			);
			productRefGroup = 5C7078F528D30CA900C671DA /* Products */;
			projectDirPath = "";
			projectRoot = "";
			targets = (
				5C7078F328D30CA900C671DA /* Tipster */,
				5C70790928D30CB100C671DA /* TipsterTests */,
				5C70791328D30CB100C671DA /* TipsterUITests */,
			);
		};
/* End PBXProject section */

/* Begin PBXResourcesBuildPhase section */
		5C7078F228D30CA900C671DA /* Resources */ = {
			isa = PBXResourcesBuildPhase;
			buildActionMask = 2147483647;
			files = (
				5C70790428D30CB100C671DA /* LaunchScreen.storyboard in Resources */,
				5C70790128D30CB100C671DA /* Assets.xcassets in Resources */,
				5C7078FF28D30CA900C671DA /* Main.storyboard in Resources */,
			);
			runOnlyForDeploymentPostprocessing = 0;
		};
		5C70790828D30CB100C671DA /* Resources */ = {
			isa = PBXResourcesBuildPhase;
			buildActionMask = 2147483647;
			files = (
			);
			runOnlyForDeploymentPostprocessing = 0;
		};
		5C70791228D30CB100C671DA /* Resources */ = {
			isa = PBXResourcesBuildPhase;
			buildActionMask = 2147483647;
			files = (
			);
			runOnlyForDeploymentPostprocessing = 0;
		};
/* End PBXResourcesBuildPhase section */

/* Begin PBXShellScriptBuildPhase section */
		2912C201231E52D24247B9E0 /* [CP] Check Pods Manifest.lock */ = {
			isa = PBXShellScriptBuildPhase;
			buildActionMask = 2147483647;
			files = (
			);
			inputFileListPaths = (
			);
			inputPaths = (
				"${PODS_PODFILE_DIR_PATH}/Podfile.lock",
				"${PODS_ROOT}/Manifest.lock",
			);
			name = "[CP] Check Pods Manifest.lock";
			outputFileListPaths = (
			);
			outputPaths = (
				"$(DERIVED_FILE_DIR)/Pods-TipsterTests-checkManifestLockResult.txt",
			);
			runOnlyForDeploymentPostprocessing = 0;
			shellPath = /bin/sh;
			shellScript = "diff \"${PODS_PODFILE_DIR_PATH}/Podfile.lock\" \"${PODS_ROOT}/Manifest.lock\" > /dev/null\nif [ $? != 0 ] ; then\n    # print error to STDERR\n    echo \"error: The sandbox is not in sync with the Podfile.lock. Run 'pod install' or update your CocoaPods installation.\" >&2\n    exit 1\nfi\n# This output is used by Xcode 'outputs' to avoid re-running this script phase.\necho \"SUCCESS\" > \"${SCRIPT_OUTPUT_FILE_0}\"\n";
			showEnvVarsInLog = 0;
		};
		315A0EF901695C7BC02E4A72 /* [CP] Embed Pods Frameworks */ = {
			isa = PBXShellScriptBuildPhase;
			buildActionMask = 2147483647;
			files = (
			);
			inputFileListPaths = (
				"${PODS_ROOT}/Target Support Files/Pods-Tipster/Pods-Tipster-frameworks-${CONFIGURATION}-input-files.xcfilelist",
			);
			name = "[CP] Embed Pods Frameworks";
			outputFileListPaths = (
				"${PODS_ROOT}/Target Support Files/Pods-Tipster/Pods-Tipster-frameworks-${CONFIGURATION}-output-files.xcfilelist",
			);
			runOnlyForDeploymentPostprocessing = 0;
			shellPath = /bin/sh;
			shellScript = "\"${PODS_ROOT}/Target Support Files/Pods-Tipster/Pods-Tipster-frameworks.sh\"\n";
			showEnvVarsInLog = 0;
		};
		36C9B7CADD3BD882AA8A08E9 /* [CP] Embed Pods Frameworks */ = {
			isa = PBXShellScriptBuildPhase;
			buildActionMask = 2147483647;
			files = (
			);
			inputFileListPaths = (
				"${PODS_ROOT}/Target Support Files/Pods-Tipster-TipsterUITests/Pods-Tipster-TipsterUITests-frameworks-${CONFIGURATION}-input-files.xcfilelist",
			);
			name = "[CP] Embed Pods Frameworks";
			outputFileListPaths = (
				"${PODS_ROOT}/Target Support Files/Pods-Tipster-TipsterUITests/Pods-Tipster-TipsterUITests-frameworks-${CONFIGURATION}-output-files.xcfilelist",
			);
			runOnlyForDeploymentPostprocessing = 0;
			shellPath = /bin/sh;
			shellScript = "\"${PODS_ROOT}/Target Support Files/Pods-Tipster-TipsterUITests/Pods-Tipster-TipsterUITests-frameworks.sh\"\n";
			showEnvVarsInLog = 0;
		};
		CDB98DBC14C33FBFA222F48C /* [CP] Check Pods Manifest.lock */ = {
			isa = PBXShellScriptBuildPhase;
			buildActionMask = 2147483647;
			files = (
			);
			inputFileListPaths = (
			);
			inputPaths = (
				"${PODS_PODFILE_DIR_PATH}/Podfile.lock",
				"${PODS_ROOT}/Manifest.lock",
			);
			name = "[CP] Check Pods Manifest.lock";
			outputFileListPaths = (
			);
			outputPaths = (
				"$(DERIVED_FILE_DIR)/Pods-Tipster-TipsterUITests-checkManifestLockResult.txt",
			);
			runOnlyForDeploymentPostprocessing = 0;
			shellPath = /bin/sh;
			shellScript = "diff \"${PODS_PODFILE_DIR_PATH}/Podfile.lock\" \"${PODS_ROOT}/Manifest.lock\" > /dev/null\nif [ $? != 0 ] ; then\n    # print error to STDERR\n    echo \"error: The sandbox is not in sync with the Podfile.lock. Run 'pod install' or update your CocoaPods installation.\" >&2\n    exit 1\nfi\n# This output is used by Xcode 'outputs' to avoid re-running this script phase.\necho \"SUCCESS\" > \"${SCRIPT_OUTPUT_FILE_0}\"\n";
			showEnvVarsInLog = 0;
		};
		FD70D9FF7CA57D40DD2023C3 /* [CP] Check Pods Manifest.lock */ = {
			isa = PBXShellScriptBuildPhase;
			buildActionMask = 2147483647;
			files = (
			);
			inputFileListPaths = (
			);
			inputPaths = (
				"${PODS_PODFILE_DIR_PATH}/Podfile.lock",
				"${PODS_ROOT}/Manifest.lock",
			);
			name = "[CP] Check Pods Manifest.lock";
			outputFileListPaths = (
			);
			outputPaths = (
				"$(DERIVED_FILE_DIR)/Pods-Tipster-checkManifestLockResult.txt",
			);
			runOnlyForDeploymentPostprocessing = 0;
			shellPath = /bin/sh;
			shellScript = "diff \"${PODS_PODFILE_DIR_PATH}/Podfile.lock\" \"${PODS_ROOT}/Manifest.lock\" > /dev/null\nif [ $? != 0 ] ; then\n    # print error to STDERR\n    echo \"error: The sandbox is not in sync with the Podfile.lock. Run 'pod install' or update your CocoaPods installation.\" >&2\n    exit 1\nfi\n# This output is used by Xcode 'outputs' to avoid re-running this script phase.\necho \"SUCCESS\" > \"${SCRIPT_OUTPUT_FILE_0}\"\n";
			showEnvVarsInLog = 0;
		};
/* End PBXShellScriptBuildPhase section */

/* Begin PBXSourcesBuildPhase section */
		5C7078F028D30CA900C671DA /* Sources */ = {
			isa = PBXSourcesBuildPhase;
			buildActionMask = 2147483647;
			files = (
				5C70792F28DE576000C671DA /* MovieDetailsViewController.swift in Sources */,
				5C7078FC28D30CA900C671DA /* ViewController.swift in Sources */,
				5C7078F828D30CA900C671DA /* AppDelegate.swift in Sources */,
				5C70792A28D54EC600C671DA /* MovieCellTableViewCell.swift in Sources */,
				5C7078FA28D30CA900C671DA /* SceneDelegate.swift in Sources */,
				5CDCE51928DFB5B500793ECC /* MovieGridViewController.swift in Sources */,
				5CDCE51B28DFBF6100793ECC /* MovieGridCell.swift in Sources */,
			);
			runOnlyForDeploymentPostprocessing = 0;
		};
		5C70790628D30CB100C671DA /* Sources */ = {
			isa = PBXSourcesBuildPhase;
			buildActionMask = 2147483647;
			files = (
				5C70790F28D30CB100C671DA /* TipsterTests.swift in Sources */,
			);
			runOnlyForDeploymentPostprocessing = 0;
		};
		5C70791028D30CB100C671DA /* Sources */ = {
			isa = PBXSourcesBuildPhase;
			buildActionMask = 2147483647;
			files = (
				5C70791B28D30CB100C671DA /* TipsterUITestsLaunchTests.swift in Sources */,
				5C70791928D30CB100C671DA /* TipsterUITests.swift in Sources */,
			);
			runOnlyForDeploymentPostprocessing = 0;
		};
/* End PBXSourcesBuildPhase section */

/* Begin PBXTargetDependency section */
		5C70790C28D30CB100C671DA /* PBXTargetDependency */ = {
			isa = PBXTargetDependency;
			target = 5C7078F328D30CA900C671DA /* Tipster */;
			targetProxy = 5C70790B28D30CB100C671DA /* PBXContainerItemProxy */;
		};
		5C70791628D30CB100C671DA /* PBXTargetDependency */ = {
			isa = PBXTargetDependency;
			target = 5C7078F328D30CA900C671DA /* Tipster */;
			targetProxy = 5C70791528D30CB100C671DA /* PBXContainerItemProxy */;
		};
/* End PBXTargetDependency section */

/* Begin PBXVariantGroup section */
		5C7078FD28D30CA900C671DA /* Main.storyboard */ = {
			isa = PBXVariantGroup;
			children = (
				5C7078FE28D30CA900C671DA /* Base */,
			);
			name = Main.storyboard;
			sourceTree = "<group>";
		};
		5C70790228D30CB100C671DA /* LaunchScreen.storyboard */ = {
			isa = PBXVariantGroup;
			children = (
				5C70790328D30CB100C671DA /* Base */,
			);
			name = LaunchScreen.storyboard;
			sourceTree = "<group>";
		};
/* End PBXVariantGroup section */

/* Begin XCBuildConfiguration section */
		5C70791C28D30CB100C671DA /* Debug */ = {
			isa = XCBuildConfiguration;
			buildSettings = {
				ALWAYS_SEARCH_USER_PATHS = NO;
				CLANG_ANALYZER_NONNULL = YES;
				CLANG_ANALYZER_NUMBER_OBJECT_CONVERSION = YES_AGGRESSIVE;
				CLANG_CXX_LANGUAGE_STANDARD = "gnu++17";
				CLANG_ENABLE_MODULES = YES;
				CLANG_ENABLE_OBJC_ARC = YES;
				CLANG_ENABLE_OBJC_WEAK = YES;
				CLANG_WARN_BLOCK_CAPTURE_AUTORELEASING = YES;
				CLANG_WARN_BOOL_CONVERSION = YES;
				CLANG_WARN_COMMA = YES;
				CLANG_WARN_CONSTANT_CONVERSION = YES;
				CLANG_WARN_DEPRECATED_OBJC_IMPLEMENTATIONS = YES;
				CLANG_WARN_DIRECT_OBJC_ISA_USAGE = YES_ERROR;
				CLANG_WARN_DOCUMENTATION_COMMENTS = YES;
				CLANG_WARN_EMPTY_BODY = YES;
				CLANG_WARN_ENUM_CONVERSION = YES;
				CLANG_WARN_INFINITE_RECURSION = YES;
				CLANG_WARN_INT_CONVERSION = YES;
				CLANG_WARN_NON_LITERAL_NULL_CONVERSION = YES;
				CLANG_WARN_OBJC_IMPLICIT_RETAIN_SELF = YES;
				CLANG_WARN_OBJC_LITERAL_CONVERSION = YES;
				CLANG_WARN_OBJC_ROOT_CLASS = YES_ERROR;
				CLANG_WARN_QUOTED_INCLUDE_IN_FRAMEWORK_HEADER = YES;
				CLANG_WARN_RANGE_LOOP_ANALYSIS = YES;
				CLANG_WARN_STRICT_PROTOTYPES = YES;
				CLANG_WARN_SUSPICIOUS_MOVE = YES;
				CLANG_WARN_UNGUARDED_AVAILABILITY = YES_AGGRESSIVE;
				CLANG_WARN_UNREACHABLE_CODE = YES;
				CLANG_WARN__DUPLICATE_METHOD_MATCH = YES;
				COPY_PHASE_STRIP = NO;
				DEBUG_INFORMATION_FORMAT = dwarf;
				ENABLE_STRICT_OBJC_MSGSEND = YES;
				ENABLE_TESTABILITY = YES;
				GCC_C_LANGUAGE_STANDARD = gnu11;
				GCC_DYNAMIC_NO_PIC = NO;
				GCC_NO_COMMON_BLOCKS = YES;
				GCC_OPTIMIZATION_LEVEL = 0;
				GCC_PREPROCESSOR_DEFINITIONS = (
					"DEBUG=1",
					"$(inherited)",
				);
				GCC_WARN_64_TO_32_BIT_CONVERSION = YES;
				GCC_WARN_ABOUT_RETURN_TYPE = YES_ERROR;
				GCC_WARN_UNDECLARED_SELECTOR = YES;
				GCC_WARN_UNINITIALIZED_AUTOS = YES_AGGRESSIVE;
				GCC_WARN_UNUSED_FUNCTION = YES;
				GCC_WARN_UNUSED_VARIABLE = YES;
				IPHONEOS_DEPLOYMENT_TARGET = 15.4;
				MTL_ENABLE_DEBUG_INFO = INCLUDE_SOURCE;
				MTL_FAST_MATH = YES;
				ONLY_ACTIVE_ARCH = YES;
				SDKROOT = iphoneos;
				SWIFT_ACTIVE_COMPILATION_CONDITIONS = DEBUG;
				SWIFT_OPTIMIZATION_LEVEL = "-Onone";
			};
			name = Debug;
		};
		5C70791D28D30CB100C671DA /* Release */ = {
			isa = XCBuildConfiguration;
			buildSettings = {
				ALWAYS_SEARCH_USER_PATHS = NO;
				CLANG_ANALYZER_NONNULL = YES;
				CLANG_ANALYZER_NUMBER_OBJECT_CONVERSION = YES_AGGRESSIVE;
				CLANG_CXX_LANGUAGE_STANDARD = "gnu++17";
				CLANG_ENABLE_MODULES = YES;
				CLANG_ENABLE_OBJC_ARC = YES;
				CLANG_ENABLE_OBJC_WEAK = YES;
				CLANG_WARN_BLOCK_CAPTURE_AUTORELEASING = YES;
				CLANG_WARN_BOOL_CONVERSION = YES;
				CLANG_WARN_COMMA = YES;
				CLANG_WARN_CONSTANT_CONVERSION = YES;
				CLANG_WARN_DEPRECATED_OBJC_IMPLEMENTATIONS = YES;
				CLANG_WARN_DIRECT_OBJC_ISA_USAGE = YES_ERROR;
				CLANG_WARN_DOCUMENTATION_COMMENTS = YES;
				CLANG_WARN_EMPTY_BODY = YES;
				CLANG_WARN_ENUM_CONVERSION = YES;
				CLANG_WARN_INFINITE_RECURSION = YES;
				CLANG_WARN_INT_CONVERSION = YES;
				CLANG_WARN_NON_LITERAL_NULL_CONVERSION = YES;
				CLANG_WARN_OBJC_IMPLICIT_RETAIN_SELF = YES;
				CLANG_WARN_OBJC_LITERAL_CONVERSION = YES;
				CLANG_WARN_OBJC_ROOT_CLASS = YES_ERROR;
				CLANG_WARN_QUOTED_INCLUDE_IN_FRAMEWORK_HEADER = YES;
				CLANG_WARN_RANGE_LOOP_ANALYSIS = YES;
				CLANG_WARN_STRICT_PROTOTYPES = YES;
				CLANG_WARN_SUSPICIOUS_MOVE = YES;
				CLANG_WARN_UNGUARDED_AVAILABILITY = YES_AGGRESSIVE;
				CLANG_WARN_UNREACHABLE_CODE = YES;
				CLANG_WARN__DUPLICATE_METHOD_MATCH = YES;
				COPY_PHASE_STRIP = NO;
				DEBUG_INFORMATION_FORMAT = "dwarf-with-dsym";
				ENABLE_NS_ASSERTIONS = NO;
				ENABLE_STRICT_OBJC_MSGSEND = YES;
				GCC_C_LANGUAGE_STANDARD = gnu11;
				GCC_NO_COMMON_BLOCKS = YES;
				GCC_WARN_64_TO_32_BIT_CONVERSION = YES;
				GCC_WARN_ABOUT_RETURN_TYPE = YES_ERROR;
				GCC_WARN_UNDECLARED_SELECTOR = YES;
				GCC_WARN_UNINITIALIZED_AUTOS = YES_AGGRESSIVE;
				GCC_WARN_UNUSED_FUNCTION = YES;
				GCC_WARN_UNUSED_VARIABLE = YES;
				IPHONEOS_DEPLOYMENT_TARGET = 15.4;
				MTL_ENABLE_DEBUG_INFO = NO;
				MTL_FAST_MATH = YES;
				SDKROOT = iphoneos;
				SWIFT_COMPILATION_MODE = wholemodule;
				SWIFT_OPTIMIZATION_LEVEL = "-O";
				VALIDATE_PRODUCT = YES;
			};
			name = Release;
		};
		5C70791F28D30CB100C671DA /* Debug */ = {
			isa = XCBuildConfiguration;
			baseConfigurationReference = 863C6FBD7F9BC1173A42EE7C /* Pods-Tipster.debug.xcconfig */;
			buildSettings = {
				ASSETCATALOG_COMPILER_APPICON_NAME = AppIcon;
				ASSETCATALOG_COMPILER_GLOBAL_ACCENT_COLOR_NAME = AccentColor;
				CODE_SIGN_STYLE = Automatic;
				CURRENT_PROJECT_VERSION = 1;
				DEVELOPMENT_TEAM = B2UC2T6X4P;
				GENERATE_INFOPLIST_FILE = YES;
				INFOPLIST_FILE = Tipster/Info.plist;
				INFOPLIST_KEY_UIApplicationSupportsIndirectInputEvents = YES;
				INFOPLIST_KEY_UILaunchStoryboardName = LaunchScreen;
				INFOPLIST_KEY_UIMainStoryboardFile = Main;
				INFOPLIST_KEY_UISupportedInterfaceOrientations_iPad = "UIInterfaceOrientationPortrait UIInterfaceOrientationPortraitUpsideDown UIInterfaceOrientationLandscapeLeft UIInterfaceOrientationLandscapeRight";
				INFOPLIST_KEY_UISupportedInterfaceOrientations_iPhone = "UIInterfaceOrientationPortrait UIInterfaceOrientationLandscapeLeft UIInterfaceOrientationLandscapeRight";
				LD_RUNPATH_SEARCH_PATHS = (
					"$(inherited)",
					"@executable_path/Frameworks",
				);
				MARKETING_VERSION = 1.0;
				PRODUCT_BUNDLE_IDENTIFIER = memo.com;
				PRODUCT_NAME = "$(TARGET_NAME)";
				SWIFT_EMIT_LOC_STRINGS = YES;
				SWIFT_VERSION = 5.0;
				TARGETED_DEVICE_FAMILY = "1,2";
			};
			name = Debug;
		};
		5C70792028D30CB100C671DA /* Release */ = {
			isa = XCBuildConfiguration;
			baseConfigurationReference = 3C981F4B25E53FC2DA8A5488 /* Pods-Tipster.release.xcconfig */;
			buildSettings = {
				ASSETCATALOG_COMPILER_APPICON_NAME = AppIcon;
				ASSETCATALOG_COMPILER_GLOBAL_ACCENT_COLOR_NAME = AccentColor;
				CODE_SIGN_STYLE = Automatic;
				CURRENT_PROJECT_VERSION = 1;
				DEVELOPMENT_TEAM = B2UC2T6X4P;
				GENERATE_INFOPLIST_FILE = YES;
				INFOPLIST_FILE = Tipster/Info.plist;
				INFOPLIST_KEY_UIApplicationSupportsIndirectInputEvents = YES;
				INFOPLIST_KEY_UILaunchStoryboardName = LaunchScreen;
				INFOPLIST_KEY_UIMainStoryboardFile = Main;
				INFOPLIST_KEY_UISupportedInterfaceOrientations_iPad = "UIInterfaceOrientationPortrait UIInterfaceOrientationPortraitUpsideDown UIInterfaceOrientationLandscapeLeft UIInterfaceOrientationLandscapeRight";
				INFOPLIST_KEY_UISupportedInterfaceOrientations_iPhone = "UIInterfaceOrientationPortrait UIInterfaceOrientationLandscapeLeft UIInterfaceOrientationLandscapeRight";
				LD_RUNPATH_SEARCH_PATHS = (
					"$(inherited)",
					"@executable_path/Frameworks",
				);
				MARKETING_VERSION = 1.0;
				PRODUCT_BUNDLE_IDENTIFIER = memo.com;
				PRODUCT_NAME = "$(TARGET_NAME)";
				SWIFT_EMIT_LOC_STRINGS = YES;
				SWIFT_VERSION = 5.0;
				TARGETED_DEVICE_FAMILY = "1,2";
			};
			name = Release;
		};
		5C70792228D30CB100C671DA /* Debug */ = {
			isa = XCBuildConfiguration;
			baseConfigurationReference = DE50BE5B74716CEC5A9BD7BF /* Pods-TipsterTests.debug.xcconfig */;
			buildSettings = {
				ALWAYS_EMBED_SWIFT_STANDARD_LIBRARIES = YES;
				BUNDLE_LOADER = "$(TEST_HOST)";
				CODE_SIGN_STYLE = Automatic;
				CURRENT_PROJECT_VERSION = 1;
				DEVELOPMENT_TEAM = B2UC2T6X4P;
				GENERATE_INFOPLIST_FILE = YES;
				IPHONEOS_DEPLOYMENT_TARGET = 15.4;
				MARKETING_VERSION = 1.0;
				PRODUCT_BUNDLE_IDENTIFIER = com.codepath.TipsterTests;
				PRODUCT_NAME = "$(TARGET_NAME)";
				SWIFT_EMIT_LOC_STRINGS = NO;
				SWIFT_VERSION = 5.0;
				TARGETED_DEVICE_FAMILY = "1,2";
				TEST_HOST = "$(BUILT_PRODUCTS_DIR)/Tipster.app/Tipster";
			};
			name = Debug;
		};
		5C70792328D30CB100C671DA /* Release */ = {
			isa = XCBuildConfiguration;
			baseConfigurationReference = C59FE968759D49453DB3439A /* Pods-TipsterTests.release.xcconfig */;
			buildSettings = {
				ALWAYS_EMBED_SWIFT_STANDARD_LIBRARIES = YES;
				BUNDLE_LOADER = "$(TEST_HOST)";
				CODE_SIGN_STYLE = Automatic;
				CURRENT_PROJECT_VERSION = 1;
				DEVELOPMENT_TEAM = B2UC2T6X4P;
				GENERATE_INFOPLIST_FILE = YES;
				IPHONEOS_DEPLOYMENT_TARGET = 15.4;
				MARKETING_VERSION = 1.0;
				PRODUCT_BUNDLE_IDENTIFIER = com.codepath.TipsterTests;
				PRODUCT_NAME = "$(TARGET_NAME)";
				SWIFT_EMIT_LOC_STRINGS = NO;
				SWIFT_VERSION = 5.0;
				TARGETED_DEVICE_FAMILY = "1,2";
				TEST_HOST = "$(BUILT_PRODUCTS_DIR)/Tipster.app/Tipster";
			};
			name = Release;
		};
		5C70792528D30CB100C671DA /* Debug */ = {
			isa = XCBuildConfiguration;
			baseConfigurationReference = F2BF70E452740013B464E22B /* Pods-Tipster-TipsterUITests.debug.xcconfig */;
			buildSettings = {
				ALWAYS_EMBED_SWIFT_STANDARD_LIBRARIES = YES;
				CODE_SIGN_STYLE = Automatic;
				CURRENT_PROJECT_VERSION = 1;
				DEVELOPMENT_TEAM = B2UC2T6X4P;
				GENERATE_INFOPLIST_FILE = YES;
				MARKETING_VERSION = 1.0;
				PRODUCT_BUNDLE_IDENTIFIER = com.codepath.TipsterUITests;
				PRODUCT_NAME = "$(TARGET_NAME)";
				SWIFT_EMIT_LOC_STRINGS = NO;
				SWIFT_VERSION = 5.0;
				TARGETED_DEVICE_FAMILY = "1,2";
				TEST_TARGET_NAME = Tipster;
			};
			name = Debug;
		};
		5C70792628D30CB100C671DA /* Release */ = {
			isa = XCBuildConfiguration;
			baseConfigurationReference = 1A823CF5C7E373F1D96C7068 /* Pods-Tipster-TipsterUITests.release.xcconfig */;
			buildSettings = {
				ALWAYS_EMBED_SWIFT_STANDARD_LIBRARIES = YES;
				CODE_SIGN_STYLE = Automatic;
				CURRENT_PROJECT_VERSION = 1;
				DEVELOPMENT_TEAM = B2UC2T6X4P;
				GENERATE_INFOPLIST_FILE = YES;
				MARKETING_VERSION = 1.0;
				PRODUCT_BUNDLE_IDENTIFIER = com.codepath.TipsterUITests;
				PRODUCT_NAME = "$(TARGET_NAME)";
				SWIFT_EMIT_LOC_STRINGS = NO;
				SWIFT_VERSION = 5.0;
				TARGETED_DEVICE_FAMILY = "1,2";
				TEST_TARGET_NAME = Tipster;
			};
			name = Release;
		};
/* End XCBuildConfiguration section */

/* Begin XCConfigurationList section */
		5C7078EF28D30CA900C671DA /* Build configuration list for PBXProject "Tipster" */ = {
			isa = XCConfigurationList;
			buildConfigurations = (
				5C70791C28D30CB100C671DA /* Debug */,
				5C70791D28D30CB100C671DA /* Release */,
			);
			defaultConfigurationIsVisible = 0;
			defaultConfigurationName = Release;
		};
		5C70791E28D30CB100C671DA /* Build configuration list for PBXNativeTarget "Tipster" */ = {
			isa = XCConfigurationList;
			buildConfigurations = (
				5C70791F28D30CB100C671DA /* Debug */,
				5C70792028D30CB100C671DA /* Release */,
			);
			defaultConfigurationIsVisible = 0;
			defaultConfigurationName = Release;
		};
		5C70792128D30CB100C671DA /* Build configuration list for PBXNativeTarget "TipsterTests" */ = {
			isa = XCConfigurationList;
			buildConfigurations = (
				5C70792228D30CB100C671DA /* Debug */,
				5C70792328D30CB100C671DA /* Release */,
			);
			defaultConfigurationIsVisible = 0;
			defaultConfigurationName = Release;
		};
		5C70792428D30CB100C671DA /* Build configuration list for PBXNativeTarget "TipsterUITests" */ = {
			isa = XCConfigurationList;
			buildConfigurations = (
				5C70792528D30CB100C671DA /* Debug */,
				5C70792628D30CB100C671DA /* Release */,
			);
			defaultConfigurationIsVisible = 0;
			defaultConfigurationName = Release;
		};
/* End XCConfigurationList section */

/* Begin XCRemoteSwiftPackageReference section */
		5C70792B28D555B500C671DA /* XCRemoteSwiftPackageReference "AlamofireImage" */ = {
			isa = XCRemoteSwiftPackageReference;
			repositoryURL = "https://github.com/Alamofire/AlamofireImage";
			requirement = {
				kind = upToNextMajorVersion;
				minimumVersion = 4.0.0;
			};
		};
/* End XCRemoteSwiftPackageReference section */

/* Begin XCSwiftPackageProductDependency section */
		5C70792C28D555B500C671DA /* AlamofireImage */ = {
			isa = XCSwiftPackageProductDependency;
			package = 5C70792B28D555B500C671DA /* XCRemoteSwiftPackageReference "AlamofireImage" */;
			productName = AlamofireImage;
		};
/* End XCSwiftPackageProductDependency section */
	};
	rootObject = 5C7078EC28D30CA900C671DA /* Project object */;
}
